
Microsoft Visual Studio Solution File, Format Version 12.00
# Visual Studio Version 17
VisualStudioVersion = 17.7.34018.315
MinimumVisualStudioVersion = 10.0.40219.1
Project("{FAE04EC0-301F-11D3-BF4B-00C04F79EFBC}") = "ONT_Project_2023", "ONT_Project_2023\ONT_Project_2023.csproj", "{67A8F625-F127-4FFA-A1A2-2DF19765CB31}"
EndProject
Project("{FAE04EC0-301F-11D3-BF4B-00C04F79EFBC}") = "BLL", "BLL\BLL.csproj", "{D270F68B-B1D5-481A-AE45-06054F213D67}"
EndProject
Project("{FAE04EC0-301F-11D3-BF4B-00C04F79EFBC}") = "DAL", "DAL\DAL.csproj", "{6FCC12A4-0807-4051-A2C1-B0764C138782}"
EndProject
Global
	GlobalSection(SolutionConfigurationPlatforms) = preSolution
		Debug|Any CPU = Debug|Any CPU
		Release|Any CPU = Release|Any CPU
	EndGlobalSection
	GlobalSection(ProjectConfigurationPlatforms) = postSolution
		{67A8F625-F127-4FFA-A1A2-2DF19765CB31}.Debug|Any CPU.ActiveCfg = Debug|Any CPU
		{67A8F625-F127-4FFA-A1A2-2DF19765CB31}.Debug|Any CPU.Build.0 = Debug|Any CPU
		{67A8F625-F127-4FFA-A1A2-2DF19765CB31}.Release|Any CPU.ActiveCfg = Release|Any CPU
		{67A8F625-F127-4FFA-A1A2-2DF19765CB31}.Release|Any CPU.Build.0 = Release|Any CPU
		{D270F68B-B1D5-481A-AE45-06054F213D67}.Debug|Any CPU.ActiveCfg = Debug|Any CPU
		{D270F68B-B1D5-481A-AE45-06054F213D67}.Debug|Any CPU.Build.0 = Debug|Any CPU
		{D270F68B-B1D5-481A-AE45-06054F213D67}.Release|Any CPU.ActiveCfg = Release|Any CPU
		{D270F68B-B1D5-481A-AE45-06054F213D67}.Release|Any CPU.Build.0 = Release|Any CPU
		{6FCC12A4-0807-4051-A2C1-B0764C138782}.Debug|Any CPU.ActiveCfg = Debug|Any CPU
		{6FCC12A4-0807-4051-A2C1-B0764C138782}.Debug|Any CPU.Build.0 = Debug|Any CPU
		{6FCC12A4-0807-4051-A2C1-B0764C138782}.Release|Any CPU.ActiveCfg = Release|Any CPU
		{6FCC12A4-0807-4051-A2C1-B0764C138782}.Release|Any CPU.Build.0 = Release|Any CPU
	EndGlobalSection
	GlobalSection(SolutionProperties) = preSolution
		HideSolutionNode = FALSE
	EndGlobalSection
	GlobalSection(ExtensibilityGlobals) = postSolution
		SolutionGuid = {5E8E5F2D-2932-464E-BED5-FDA048AB7BA9}
	EndGlobalSection
EndGlobal
